github.com/go-gl/mathgl v0.0.0-20180804195959-cdf14b6b8f8a h1:2n5w2v3knlspzjJWyQPC0j88Mwvq0SZV0Jdws34GJwc=
github.com/go-gl/mathgl v0.0.0-20180804195959-cdf14b6b8f8a/go.mod h1:dvrdneKbyWbK2skTda0nM4B9zSlS2GZSnjX7itr/skQ=
golang.org/x/image v0.0.0-20190209060608-ef4a1470e0dc h1:P8UBp9iv2ZY5xjf9rnwI9s/hywlCgyKzpLsfk30IVyw=
golang.org/x/image v0.0.0-20190209060608-ef4a1470e0dc/go.mod h1:ux5Hcp/YLpHSI86hEcLt0YII63i6oz57MZXIpbrjZUs=
golang.org/x/image v0.0.0-20190220224155-31aff87c08e9/go.mod h1:kZ7UVZpmo3dzQBMxlp+ypCbDeSB+sBbTgSJuh5dn5js=
golang.org/x/image v0.0.0-20190910094157-69e4b8554b2a h1:gHevYm0pO4QUbwy8Dmdr01R5r1BuKtfYqRqF0h/Cbh0=
golang.org/x/image v0.0.0-20190910094157-69e4b8554b2a/go.mod h1:FeLwcggjj3mMvU+oOTbSwawSJRM1uh48EjtB4UJZlP0=
golang.org/x/text v0.3.0/go.mod h1:NqM8EUOU14njkJ3fqMW+pc6Ldnwhi/IjpwHt7yyuwOQ=
